
Microsoft Visual Studio Solution File, Format Version 12.00
# Visual Studio 15
VisualStudioVersion = 15.0.28010.2041
MinimumVisualStudioVersion = 10.0.40219.1
Project("{9A19103F-16F7-4668-BE54-9A1E7A4F7556}") = "ZombieRPG", "ZombieRPG\ZombieRPG.csproj", "{1A87743A-046A-46DF-B582-3394889171A4}"
EndProject
Global
	GlobalSection(SolutionConfigurationPlatforms) = preSolution
		Debug|Any CPU = Debug|Any CPU
		Release|Any CPU = Release|Any CPU
	EndGlobalSection
	GlobalSection(ProjectConfigurationPlatforms) = postSolution
		{1A87743A-046A-46DF-B582-3394889171A4}.Debug|Any CPU.ActiveCfg = Debug|Any CPU
		{1A87743A-046A-46DF-B582-3394889171A4}.Debug|Any CPU.Build.0 = Debug|Any CPU
		{1A87743A-046A-46DF-B582-3394889171A4}.Release|Any CPU.ActiveCfg = Release|Any CPU
		{1A87743A-046A-46DF-B582-3394889171A4}.Release|Any CPU.Build.0 = Release|Any CPU
	EndGlobalSection
	GlobalSection(SolutionProperties) = preSolution
		HideSolutionNode = FALSE
	EndGlobalSection
	GlobalSection(ExtensibilityGlobals) = postSolution
		SolutionGuid = {D4461F4D-DFF9-4D59-968A-A883D5636FFF}
	EndGlobalSection
EndGlobal
